
Microsoft Visual Studio Solution File, Format Version 12.00
# Visual Studio Version 17
VisualStudioVersion = 17.7.34202.233
MinimumVisualStudioVersion = 10.0.40219.1
Project("{FAE04EC0-301F-11D3-BF4B-00C04F79EFBC}") = "NomenklatureApi", "NomenklatureApi\NomenklatureApi.csproj", "{319E4204-1563-4006-A411-7B7B2A950DF4}"
EndProject
Global
	GlobalSection(SolutionConfigurationPlatforms) = preSolution
		Debug|Any CPU = Debug|Any CPU
		Release|Any CPU = Release|Any CPU
	EndGlobalSection
	GlobalSection(ProjectConfigurationPlatforms) = postSolution
		{319E4204-1563-4006-A411-7B7B2A950DF4}.Debug|Any CPU.ActiveCfg = Debug|Any CPU
		{319E4204-1563-4006-A411-7B7B2A950DF4}.Debug|Any CPU.Build.0 = Debug|Any CPU
		{319E4204-1563-4006-A411-7B7B2A950DF4}.Release|Any CPU.ActiveCfg = Release|Any CPU
		{319E4204-1563-4006-A411-7B7B2A950DF4}.Release|Any CPU.Build.0 = Release|Any CPU
	EndGlobalSection
	GlobalSection(SolutionProperties) = preSolution
		HideSolutionNode = FALSE
	EndGlobalSection
	GlobalSection(ExtensibilityGlobals) = postSolution
		SolutionGuid = {34F8DE3B-4C1C-4D83-B6E1-16A969752329}
	EndGlobalSection
EndGlobal
